
Microsoft Visual Studio Solution File, Format Version 12.00
# Visual Studio Version 17
VisualStudioVersion = 17.4.33103.184
MinimumVisualStudioVersion = 10.0.40219.1
Project("{FAE04EC0-301F-11D3-BF4B-00C04F79EFBC}") = "TCPI_PR_Portal", "TCPI_PR_Portal\TCPI_PR_Portal.csproj", "{72537A84-E746-42C3-8D3B-B80F87DC0CF9}"
EndProject
Global
	GlobalSection(SolutionConfigurationPlatforms) = preSolution
		Debug|Any CPU = Debug|Any CPU
		Release|Any CPU = Release|Any CPU
	EndGlobalSection
	GlobalSection(ProjectConfigurationPlatforms) = postSolution
		{72537A84-E746-42C3-8D3B-B80F87DC0CF9}.Debug|Any CPU.ActiveCfg = Debug|Any CPU
		{72537A84-E746-42C3-8D3B-B80F87DC0CF9}.Debug|Any CPU.Build.0 = Debug|Any CPU
		{72537A84-E746-42C3-8D3B-B80F87DC0CF9}.Release|Any CPU.ActiveCfg = Release|Any CPU
		{72537A84-E746-42C3-8D3B-B80F87DC0CF9}.Release|Any CPU.Build.0 = Release|Any CPU
	EndGlobalSection
	GlobalSection(SolutionProperties) = preSolution
		HideSolutionNode = FALSE
	EndGlobalSection
	GlobalSection(ExtensibilityGlobals) = postSolution
		SolutionGuid = {625C9DCA-F6E0-490E-92E5-06D56FBC4153}
	EndGlobalSection
EndGlobal
